{
  "object": {
    "pins": [
      {
        "package": "Base58Swift",
        "repositoryURL": "https://github.com/mathwallet/Base58Swift.git",
        "state": {
          "branch": null,
          "revision": "916940466f7e149b4029832ba5521252d7d68d92",
          "version": "3.0.0"
        }
      },
      {
        "package": "BigInt",
        "repositoryURL": "https://github.com/attaswift/BigInt.git",
        "state": {
          "branch": null,
          "revision": "0ed110f7555c34ff468e72e1686e59721f2b0da6",
          "version": "5.3.0"
        }
      },
      {
        "package": "BIP39swift",
        "repositoryURL": "https://github.com/mathwallet/BIP39swift",
        "state": {
          "branch": null,
          "revision": "6e654c1fedac7dc3f01443d8bdf108ab6d50245d",
          "version": "1.0.1"
        }
      },
      {
        "package": "Blake2",
        "repositoryURL": "https://github.com/tesseract-one/Blake2.swift.git",
        "state": {
          "branch": null,
          "revision": "106f68231100021e1f745779e241f81a065ad0de",
          "version": "0.1.2"
        }
      },
      {
        "package": "CryptoSwift",
        "repositoryURL": "https://github.com/krzyzanowskim/CryptoSwift.git",
        "state": {
          "branch": null,
          "revision": "039f56c5d7960f277087a0be51f5eb04ed0ec073",
          "version": "1.5.1"
        }
      },
      {
        "package": "PromiseKit",
        "repositoryURL": "https://github.com/mxcl/PromiseKit.git",
        "state": {
          "branch": null,
          "revision": "c946b7561fbe11379a874e59faa2c5f8077ae0e1",
          "version": "6.17.1"
        }
      },
      {
        "package": "Sr25519",
        "repositoryURL": "https://github.com/lishuailibertine/Sr25519.swift.git",
        "state": {
          "branch": null,
          "revision": "678f9454384273c468f65903faa76b8358a372ef",
          "version": "0.1.6"
        }
      },
      {
        "package": "UncommonCrypto",
        "repositoryURL": "https://github.com/lishuailibertine/UncommonCrypto.swift",
        "state": {
          "branch": null,
          "revision": "db2fae114255fd17ae7bf46dff3a7997af98b626",
          "version": "0.1.4"
        }
      }
    ]
  },
  "version": 1
}
